# THIS IS AN AUTOGENERATED FILE. DO NOT EDIT THIS FILE DIRECTLY.
# yarn lockfile v1


debug@^3.1.0:
  version "3.2.6"
  resolved "https://registry.yarnpkg.com/debug/-/debug-3.2.6.tgz#e83d17de16d8a7efb7717edbe5fb10135eee629b"
  integrity sha512-mel+jf7nrtEl5Pn1Qx46zARXKDpBbvzezse7p7LqINmdoIk8PYP5SySaxEmYv6TZ0JyEKA1hsCId6DIhgITtWQ==
  dependencies:
    ms "^2.1.1"

debug@^4.1.1:
  version "4.2.0"
  resolved "https://registry.yarnpkg.com/debug/-/debug-4.2.0.tgz#7f150f93920e94c58f5574c2fd01a3110effe7f1"
  integrity sha512-IX2ncY78vDTjZMFUdmsvIRFY2Cf4FnD0wRs+nQwJU8Lu99/tPFdb0VybiiMTPe3I6rQmwsqQqRBvxU+bZ/I8sg==
  dependencies:
    ms "2.1.2"

ffi-napi@^3.0.1:
  version "3.0.1"
  resolved "https://registry.yarnpkg.com/ffi-napi/-/ffi-napi-3.0.1.tgz#4a33a919f199c06546abbada610e508a0c03c754"
  integrity sha512-zOvTqC9pjXNfVUruk4phi+Itayg3yefgiR/CZtr09OcrYulBq9jeUtf/GvFeXfNRv8q2qu3+ijMPj4rewTWbVg==
  dependencies:
    debug "^4.1.1"
    get-uv-event-loop-napi-h "^1.0.5"
    node-addon-api "^2.0.0"
    node-gyp-build "^4.2.1"
    ref-napi "^2.0.1"
    ref-struct-di "^1.1.0"

get-symbol-from-current-process-h@^1.0.1, get-symbol-from-current-process-h@^1.0.2:
  version "1.0.2"
  resolved "https://registry.yarnpkg.com/get-symbol-from-current-process-h/-/get-symbol-from-current-process-h-1.0.2.tgz#510af52eaef873f7028854c3377f47f7bb200265"
  integrity sha512-syloC6fsCt62ELLrr1VKBM1ggOpMdetX9hTrdW77UQdcApPHLmf7CI7OKcN1c9kYuNxKcDe4iJ4FY9sX3aw2xw==

get-uv-event-loop-napi-h@^1.0.5:
  version "1.0.6"
  resolved "https://registry.yarnpkg.com/get-uv-event-loop-napi-h/-/get-uv-event-loop-napi-h-1.0.6.tgz#42b0b06b74c3ed21fbac8e7c72845fdb7a200208"
  integrity sha512-t5c9VNR84nRoF+eLiz6wFrEp1SE2Acg0wS+Ysa2zF0eROes+LzOfuTaVHxGy8AbS8rq7FHEJzjnCZo1BupwdJg==
  dependencies:
    get-symbol-from-current-process-h "^1.0.1"

ms@2.1.2, ms@^2.1.1:
  version "2.1.2"
  resolved "https://registry.yarnpkg.com/ms/-/ms-2.1.2.tgz#d09d1f357b443f493382a8eb3ccd183872ae6009"
  integrity sha512-sGkPx+VjMtmA6MX27oA4FBFELFCZZ4S4XqeGOXCv68tT+jb3vk/RyaKWP0PTKyWtmLSM0b+adUTEvbs1PEaH2w==

node-addon-api@^2.0.0:
  version "2.0.2"
  resolved "https://registry.yarnpkg.com/node-addon-api/-/node-addon-api-2.0.2.tgz#432cfa82962ce494b132e9d72a15b29f71ff5d32"
  integrity sha512-Ntyt4AIXyaLIuMHF6IOoTakB3K+RWxwtsHNRxllEoA6vPwP9o4866g6YWDLUdnucilZhmkxiHwHr11gAENw+QA==

node-gyp-build@^4.2.1:
  version "4.2.3"
  resolved "https://registry.yarnpkg.com/node-gyp-build/-/node-gyp-build-4.2.3.tgz#ce6277f853835f718829efb47db20f3e4d9c4739"
  integrity sha512-MN6ZpzmfNCRM+3t57PTJHgHyw/h4OWnZ6mR8P5j/uZtqQr46RRuDE/P+g3n0YR/AiYXeWixZZzaip77gdICfRg==

ref-napi@^2.0.1:
  version "2.1.2"
  resolved "https://registry.yarnpkg.com/ref-napi/-/ref-napi-2.1.2.tgz#5986069d7b0ea83e1fef48239a2bd75318ce341b"
  integrity sha512-aFl+vrIuLWUXMUTQGAwGAuSNLX3Ub5W3iVP8b7KyFFZUdn4+i4U1TXXTop0kCTUfGNu8glBGVz4lowkwMcPVVA==
  dependencies:
    debug "^4.1.1"
    get-symbol-from-current-process-h "^1.0.2"
    node-addon-api "^2.0.0"
    node-gyp-build "^4.2.1"

ref-napi@^3.0.1:
  version "3.0.1"
  resolved "https://registry.yarnpkg.com/ref-napi/-/ref-napi-3.0.1.tgz#442c0b266c14620a3c3b5a1d9c8d8d997f33a86d"
  integrity sha512-W3rcb0E+tlO9u9ySFnX5vifInwwPGToOfFgTZUHJBNiOBsW0NNvgHz2zJN7ctABo/2yIlgdPQUvuqqfORIF4LA==
  dependencies:
    debug "^4.1.1"
    get-symbol-from-current-process-h "^1.0.2"
    node-addon-api "^2.0.0"
    node-gyp-build "^4.2.1"

ref-struct-di@^1.1.0:
  version "1.1.1"
  resolved "https://registry.yarnpkg.com/ref-struct-di/-/ref-struct-di-1.1.1.tgz#5827b1d3b32372058f177547093db1fe1602dc10"
  integrity sha512-2Xyn/0Qgz89VT+++WP0sTosdm9oeowLP23wRJYhG4BFdMUrLj3jhwHZNEytYNYgtPKLNTP3KJX4HEgBvM1/Y2g==
  dependencies:
    debug "^3.1.0"
